
Microsoft Visual Studio Solution File, Format Version 12.00
# Visual Studio Version 17
VisualStudioVersion = 17.8.34408.163
MinimumVisualStudioVersion = 10.0.40219.1
Project("{2150E333-8FDC-42A3-9474-1A3956D46DE8}") = "installer", "installer", "{71B79117-294C-43D8-9850-F52EDCDBB8BD}"
EndProject
Project("{2150E333-8FDC-42A3-9474-1A3956D46DE8}") = "service", "service", "{057C2104-C4FB-41A9-A5F9-D6F3BAEA5EE8}"
EndProject
Project("{9A19103F-16F7-4668-BE54-9A1E7A4F7556}") = "MXMDesafio.WorkerService", "service\MXMDesafio.WorkerService\MXMDesafio.WorkerService.csproj", "{57AEC6DB-8902-4E11-8CB1-52A9EAD2F8A9}"
EndProject
Project("{54435603-DBB4-11D2-8724-00A0C9A8B90C}") = "MXMDesafio.Installer", "installer\MXMDesafio.Installer\MXMDesafio.Installer.vdproj", "{D10C3942-EADD-4724-AA9A-A4ACD6233490}"
EndProject
Global
	GlobalSection(SolutionConfigurationPlatforms) = preSolution
		Debug|Any CPU = Debug|Any CPU
		Release|Any CPU = Release|Any CPU
	EndGlobalSection
	GlobalSection(ProjectConfigurationPlatforms) = postSolution
		{57AEC6DB-8902-4E11-8CB1-52A9EAD2F8A9}.Debug|Any CPU.ActiveCfg = Debug|Any CPU
		{57AEC6DB-8902-4E11-8CB1-52A9EAD2F8A9}.Debug|Any CPU.Build.0 = Debug|Any CPU
		{57AEC6DB-8902-4E11-8CB1-52A9EAD2F8A9}.Release|Any CPU.ActiveCfg = Release|Any CPU
		{57AEC6DB-8902-4E11-8CB1-52A9EAD2F8A9}.Release|Any CPU.Build.0 = Release|Any CPU
		{D10C3942-EADD-4724-AA9A-A4ACD6233490}.Debug|Any CPU.ActiveCfg = Debug
		{D10C3942-EADD-4724-AA9A-A4ACD6233490}.Release|Any CPU.ActiveCfg = Release
	EndGlobalSection
	GlobalSection(SolutionProperties) = preSolution
		HideSolutionNode = FALSE
	EndGlobalSection
	GlobalSection(NestedProjects) = preSolution
		{57AEC6DB-8902-4E11-8CB1-52A9EAD2F8A9} = {057C2104-C4FB-41A9-A5F9-D6F3BAEA5EE8}
		{D10C3942-EADD-4724-AA9A-A4ACD6233490} = {71B79117-294C-43D8-9850-F52EDCDBB8BD}
	EndGlobalSection
	GlobalSection(ExtensibilityGlobals) = postSolution
		SolutionGuid = {72081D73-CF03-44BE-9FAA-224F34651A5F}
	EndGlobalSection
EndGlobal
